
Microsoft Visual Studio Solution File, Format Version 12.00
# Visual Studio Version 17
VisualStudioVersion = 17.5.33530.505
MinimumVisualStudioVersion = 10.0.40219.1
Project("{FAE04EC0-301F-11D3-BF4B-00C04F79EFBC}") = "句柄", "句柄\句柄.csproj", "{20F31934-BB27-4896-8440-FB32831C5519}"
EndProject
Global
	GlobalSection(SolutionConfigurationPlatforms) = preSolution
		Debug|Any CPU = Debug|Any CPU
		Release|Any CPU = Release|Any CPU
	EndGlobalSection
	GlobalSection(ProjectConfigurationPlatforms) = postSolution
		{20F31934-BB27-4896-8440-FB32831C5519}.Debug|Any CPU.ActiveCfg = Debug|Any CPU
		{20F31934-BB27-4896-8440-FB32831C5519}.Debug|Any CPU.Build.0 = Debug|Any CPU
		{20F31934-BB27-4896-8440-FB32831C5519}.Release|Any CPU.ActiveCfg = Release|Any CPU
		{20F31934-BB27-4896-8440-FB32831C5519}.Release|Any CPU.Build.0 = Release|Any CPU
	EndGlobalSection
	GlobalSection(SolutionProperties) = preSolution
		HideSolutionNode = FALSE
	EndGlobalSection
	GlobalSection(ExtensibilityGlobals) = postSolution
		SolutionGuid = {6040F160-9B2E-4AB8-9D2A-24136745565C}
	EndGlobalSection
EndGlobal
